
Microsoft Visual Studio Solution File, Format Version 12.00
# Visual Studio Version 17
VisualStudioVersion = 17.1.32319.34
MinimumVisualStudioVersion = 10.0.40219.1
Project("{FAE04EC0-301F-11D3-BF4B-00C04F79EFBC}") = "Entities", "Entities\Entities.csproj", "{F9A249A6-EFEB-4AB5-A110-DD7A46A9C2E9}"
EndProject
Project("{FAE04EC0-301F-11D3-BF4B-00C04F79EFBC}") = "DataAccess", "DataAccess\DataAccess.csproj", "{E59255FF-64C5-4D0E-A885-E838AEA68FC5}"
EndProject
Project("{FAE04EC0-301F-11D3-BF4B-00C04F79EFBC}") = "Business", "Business\Business.csproj", "{7CA2EBB5-7055-45C1-92D4-1F2596F9B56B}"
EndProject
Project("{FAE04EC0-301F-11D3-BF4B-00C04F79EFBC}") = "Core", "Core\Core.csproj", "{BF13B994-74BC-4851-9771-8BF207587159}"
EndProject
Global
	GlobalSection(SolutionConfigurationPlatforms) = preSolution
		Debug|Any CPU = Debug|Any CPU
		Release|Any CPU = Release|Any CPU
	EndGlobalSection
	GlobalSection(ProjectConfigurationPlatforms) = postSolution
		{F9A249A6-EFEB-4AB5-A110-DD7A46A9C2E9}.Debug|Any CPU.ActiveCfg = Debug|Any CPU
		{F9A249A6-EFEB-4AB5-A110-DD7A46A9C2E9}.Debug|Any CPU.Build.0 = Debug|Any CPU
		{F9A249A6-EFEB-4AB5-A110-DD7A46A9C2E9}.Release|Any CPU.ActiveCfg = Release|Any CPU
		{F9A249A6-EFEB-4AB5-A110-DD7A46A9C2E9}.Release|Any CPU.Build.0 = Release|Any CPU
		{E59255FF-64C5-4D0E-A885-E838AEA68FC5}.Debug|Any CPU.ActiveCfg = Debug|Any CPU
		{E59255FF-64C5-4D0E-A885-E838AEA68FC5}.Debug|Any CPU.Build.0 = Debug|Any CPU
		{E59255FF-64C5-4D0E-A885-E838AEA68FC5}.Release|Any CPU.ActiveCfg = Release|Any CPU
		{E59255FF-64C5-4D0E-A885-E838AEA68FC5}.Release|Any CPU.Build.0 = Release|Any CPU
		{7CA2EBB5-7055-45C1-92D4-1F2596F9B56B}.Debug|Any CPU.ActiveCfg = Debug|Any CPU
		{7CA2EBB5-7055-45C1-92D4-1F2596F9B56B}.Debug|Any CPU.Build.0 = Debug|Any CPU
		{7CA2EBB5-7055-45C1-92D4-1F2596F9B56B}.Release|Any CPU.ActiveCfg = Release|Any CPU
		{7CA2EBB5-7055-45C1-92D4-1F2596F9B56B}.Release|Any CPU.Build.0 = Release|Any CPU
		{BF13B994-74BC-4851-9771-8BF207587159}.Debug|Any CPU.ActiveCfg = Debug|Any CPU
		{BF13B994-74BC-4851-9771-8BF207587159}.Debug|Any CPU.Build.0 = Debug|Any CPU
		{BF13B994-74BC-4851-9771-8BF207587159}.Release|Any CPU.ActiveCfg = Release|Any CPU
		{BF13B994-74BC-4851-9771-8BF207587159}.Release|Any CPU.Build.0 = Release|Any CPU
	EndGlobalSection
	GlobalSection(SolutionProperties) = preSolution
		HideSolutionNode = FALSE
	EndGlobalSection
	GlobalSection(ExtensibilityGlobals) = postSolution
		SolutionGuid = {B61B0815-2606-400C-BFBC-FE8132C28D79}
	EndGlobalSection
EndGlobal
